// !$*UTF8*$!
{
	archiveVersion = 1;
	classes = {
	};
	objectVersion = 46;
	objects = {

/* Begin PBXBuildFile section */
		358F05301BD8EF4300FA6FD2 /* ViewController.swift in Sources */ = {isa = PBXBuildFile; fileRef = CBD3714B1BD2345900EE1E51 /* ViewController.swift */; settings = {ASSET_TAGS = (); }; };
		CBD3714A1BD2345900EE1E51 /* AppDelegate.swift in Sources */ = {isa = PBXBuildFile; fileRef = CBD371491BD2345900EE1E51 /* AppDelegate.swift */; };
		CBD3714F1BD2345900EE1E51 /* Main.storyboard in Resources */ = {isa = PBXBuildFile; fileRef = CBD3714D1BD2345900EE1E51 /* Main.storyboard */; };
		CBD371511BD2345900EE1E51 /* Assets.xcassets in Resources */ = {isa = PBXBuildFile; fileRef = CBD371501BD2345900EE1E51 /* Assets.xcassets */; };
		CBD371541BD2345900EE1E51 /* LaunchScreen.storyboard in Resources */ = {isa = PBXBuildFile; fileRef = CBD371521BD2345900EE1E51 /* LaunchScreen.storyboard */; };
/* End PBXBuildFile section */

/* Begin PBXFileReference section */
		CBD371461BD2345900EE1E51 /* BlurEffectDemo.app */ = {isa = PBXFileReference; explicitFileType = wrapper.application; includeInIndex = 0; path = BlurEffectDemo.app; sourceTree = BUILT_PRODUCTS_DIR; };
		CBD371491BD2345900EE1E51 /* AppDelegate.swift */ = {isa = PBXFileReference; lastKnownFileType = sourcecode.swift; path = AppDelegate.swift; sourceTree = "<group>"; };
		CBD3714B1BD2345900EE1E51 /* ViewController.swift */ = {isa = PBXFileReference; lastKnownFileType = sourcecode.swift; path = ViewController.swift; sourceTree = "<group>"; };
		CBD3714E1BD2345900EE1E51 /* Base */ = {isa = PBXFileReference; lastKnownFileType = file.storyboard; name = Base; path = Base.lproj/Main.storyboard; sourceTree = "<group>"; };
		CBD371501BD2345900EE1E51 /* Assets.xcassets */ = {isa = PBXFileReference; lastKnownFileType = folder.assetcatalog; path = Assets.xcassets; sourceTree = "<group>"; };
		CBD371531BD2345900EE1E51 /* Base */ = {isa = PBXFileReference; lastKnownFileType = file.storyboard; name = Base; path = Base.lproj/LaunchScreen.storyboard; sourceTree = "<group>"; };
		CBD371551BD2345900EE1E51 /* Info.plist */ = {isa = PBXFileReference; lastKnownFileType = text.plist.xml; path = Info.plist; sourceTree = "<group>"; };
/* End PBXFileReference section */

/* Begin PBXFrameworksBuildPhase section */
		CBD371431BD2345900EE1E51 /* Frameworks */ = {
			isa = PBXFrameworksBuildPhase;
			buildActionMask = 2147483647;
			files = (
			);
			runOnlyForDeploymentPostprocessing = 0;
		};
/* End PBXFrameworksBuildPhase section */

/* Begin PBXGroup section */
		CBD3713D1BD2345900EE1E51 = {
			isa = PBXGroup;
			children = (
				CBD371481BD2345900EE1E51 /* BlurEffectDemo */,
				CBD371471BD2345900EE1E51 /* Products */,
			);
			sourceTree = "<group>";
		};
		CBD371471BD2345900EE1E51 /* Products */ = {
			isa = PBXGroup;
			children = (
				CBD371461BD2345900EE1E51 /* BlurEffectDemo.app */,
			);
			name = Products;
			sourceTree = "<group>";
		};
		CBD371481BD2345900EE1E51 /* BlurEffectDemo */ = {
			isa = PBXGroup;
			children = (
				CBD371491BD2345900EE1E51 /* AppDelegate.swift */,
				CBD3714B1BD2345900EE1E51 /* ViewController.swift */,
				CBD3714D1BD2345900EE1E51 /* Main.storyboard */,
				CBD371501BD2345900EE1E51 /* Assets.xcassets */,
				CBD371521BD2345900EE1E51 /* LaunchScreen.storyboard */,
				CBD371551BD2345900EE1E51 /* Info.plist */,
			);
			path = BlurEffectDemo;
			sourceTree = "<group>";
		};
/* End PBXGroup section */

/* Begin PBXNativeTarget section */
		CBD371451BD2345900EE1E51 /* BlurEffectDemo */ = {
			isa = PBXNativeTarget;
			buildConfigurationList = CBD371581BD2345900EE1E51 /* Build configuration list for PBXNativeTarget "BlurEffectDemo" */;
			buildPhases = (
				CBD371421BD2345900EE1E51 /* Sources */,
				CBD371431BD2345900EE1E51 /* Frameworks */,
				CBD371441BD2345900EE1E51 /* Resources */,
			);
			buildRules = (
			);
			dependencies = (
			);
			name = BlurEffectDemo;
			productName = BlurEffectDemo;
			productReference = CBD371461BD2345900EE1E51 /* BlurEffectDemo.app */;
			productType = "com.apple.product-type.application";
		};
/* End PBXNativeTarget section */

/* Begin PBXProject section */
		CBD3713E1BD2345900EE1E51 /* Project object */ = {
			isa = PBXProject;
			attributes = {
				LastUpgradeCheck = 0700;
				ORGANIZATIONNAME = BubbleTeam;
				TargetAttributes = {
					CBD371451BD2345900EE1E51 = {
						CreatedOnToolsVersion = 7.0.1;
						DevelopmentTeam = 93UBSK8PYK;
					};
				};
			};
			buildConfigurationList = CBD371411BD2345900EE1E51 /* Build configuration list for PBXProject "BlurEffectDemo" */;
			compatibilityVersion = "Xcode 3.2";
			developmentRegion = English;
			hasScannedForEncodings = 0;
			knownRegions = (
				en,
				Base,
			);
			mainGroup = CBD3713D1BD2345900EE1E51;
			productRefGroup = CBD371471BD2345900EE1E51 /* Products */;
			projectDirPath = "";
			projectRoot = "";
			targets = (
				CBD371451BD2345900EE1E51 /* BlurEffectDemo */,
			);
		};
/* End PBXProject section */

/* Begin PBXResourcesBuildPhase section */
		CBD371441BD2345900EE1E51 /* Resources */ = {
			isa = PBXResourcesBuildPhase;
			buildActionMask = 2147483647;
			files = (
				CBD371541BD2345900EE1E51 /* LaunchScreen.storyboard in Resources */,
				CBD371511BD2345900EE1E51 /* Assets.xcassets in Resources */,
				CBD3714F1BD2345900EE1E51 /* Main.storyboard in Resources */,
			);
			runOnlyForDeploymentPostprocessing = 0;
		};
/* End PBXResourcesBuildPhase section */

/* Begin PBXSourcesBuildPhase section */
		CBD371421BD2345900EE1E51 /* Sources */ = {
			isa = PBXSourcesBuildPhase;
			buildActionMask = 2147483647;
			files = (
				358F05301BD8EF4300FA6FD2 /* ViewController.swift in Sources */,
				CBD3714A1BD2345900EE1E51 /* AppDelegate.swift in Sources */,
			);
			runOnlyForDeploymentPostprocessing = 0;
		};
/* End PBXSourcesBuildPhase section */

/* Begin PBXVariantGroup section */
		CBD3714D1BD2345900EE1E51 /* Main.storyboard */ = {
			isa = PBXVariantGroup;
			children = (
				CBD3714E1BD2345900EE1E51 /* Base */,
			);
			name = Main.storyboard;
			sourceTree = "<group>";
		};
		CBD371521BD2345900EE1E51 /* LaunchScreen.storyboard */ = {
			isa = PBXVariantGroup;
			children = (
				CBD371531BD2345900EE1E51 /* Base */,
			);
			name = LaunchScreen.storyboard;
			sourceTree = "<group>";
		};
/* End PBXVariantGroup section */

/* Begin XCBuildConfiguration section */
		CBD371561BD2345900EE1E51 /* Debug */ = {
			isa = XCBuildConfiguration;
			buildSettings = {
				ALWAYS_SEARCH_USER_PATHS = NO;
				CLANG_CXX_LANGUAGE_STANDARD = "gnu++0x";
				CLANG_CXX_LIBRARY = "libc++";
				CLANG_ENABLE_MODULES = YES;
				CLANG_ENABLE_OBJC_ARC = YES;
				CLANG_WARN_BOOL_CONVERSION = YES;
				CLANG_WARN_CONSTANT_CONVERSION = YES;
				CLANG_WARN_DIRECT_OBJC_ISA_USAGE = YES_ERROR;
				CLANG_WARN_EMPTY_BODY = YES;
				CLANG_WARN_ENUM_CONVERSION = YES;
				CLANG_WARN_INT_CONVERSION = YES;
				CLANG_WARN_OBJC_ROOT_CLASS = YES_ERROR;
				CLANG_WARN_UNREACHABLE_CODE = YES;
				CLANG_WARN__DUPLICATE_METHOD_MATCH = YES;
				"CODE_SIGN_IDENTITY[sdk=iphoneos*]" = "iPhone Developer";
				COPY_PHASE_STRIP = NO;
				DEBUG_INFORMATION_FORMAT = dwarf;
				ENABLE_STRICT_OBJC_MSGSEND = YES;
				ENABLE_TESTABILITY = YES;
				GCC_C_LANGUAGE_STANDARD = gnu99;
				GCC_DYNAMIC_NO_PIC = NO;
				GCC_NO_COMMON_BLOCKS = YES;
				GCC_OPTIMIZATION_LEVEL = 0;
				GCC_PREPROCESSOR_DEFINITIONS = (
					"DEBUG=1",
					"$(inherited)",
				);
				GCC_WARN_64_TO_32_BIT_CONVERSION = YES;
				GCC_WARN_ABOUT_RETURN_TYPE = YES_ERROR;
				GCC_WARN_UNDECLARED_SELECTOR = YES;
				GCC_WARN_UNINITIALIZED_AUTOS = YES_AGGRESSIVE;
				GCC_WARN_UNUSED_FUNCTION = YES;
				GCC_WARN_UNUSED_VARIABLE = YES;
				IPHONEOS_DEPLOYMENT_TARGET = 9.0;
				MTL_ENABLE_DEBUG_INFO = YES;
				ONLY_ACTIVE_ARCH = YES;
				SDKROOT = iphoneos;
				SWIFT_OPTIMIZATION_LEVEL = "-Onone";
			};
			name = Debug;
		};
		CBD371571BD2345900EE1E51 /* Release */ = {
			isa = XCBuildConfiguration;
			buildSettings = {
				ALWAYS_SEARCH_USER_PATHS = NO;
				CLANG_CXX_LANGUAGE_STANDARD = "gnu++0x";
				CLANG_CXX_LIBRARY = "libc++";
				CLANG_ENABLE_MODULES = YES;
				CLANG_ENABLE_OBJC_ARC = YES;
				CLANG_WARN_BOOL_CONVERSION = YES;
				CLANG_WARN_CONSTANT_CONVERSION = YES;
				CLANG_WARN_DIRECT_OBJC_ISA_USAGE = YES_ERROR;
				CLANG_WARN_EMPTY_BODY = YES;
				CLANG_WARN_ENUM_CONVERSION = YES;
				CLANG_WARN_INT_CONVERSION = YES;
				CLANG_WARN_OBJC_ROOT_CLASS = YES_ERROR;
				CLANG_WARN_UNREACHABLE_CODE = YES;
				CLANG_WARN__DUPLICATE_METHOD_MATCH = YES;
				"CODE_SIGN_IDENTITY[sdk=iphoneos*]" = "iPhone Developer";
				COPY_PHASE_STRIP = NO;
				DEBUG_INFORMATION_FORMAT = "dwarf-with-dsym";
				ENABLE_NS_ASSERTIONS = NO;
				ENABLE_STRICT_OBJC_MSGSEND = YES;
				GCC_C_LANGUAGE_STANDARD = gnu99;
				GCC_NO_COMMON_BLOCKS = YES;
				GCC_WARN_64_TO_32_BIT_CONVERSION = YES;
				GCC_WARN_ABOUT_RETURN_TYPE = YES_ERROR;
				GCC_WARN_UNDECLARED_SELECTOR = YES;
				GCC_WARN_UNINITIALIZED_AUTOS = YES_AGGRESSIVE;
				GCC_WARN_UNUSED_FUNCTION = YES;
				GCC_WARN_UNUSED_VARIABLE = YES;
				IPHONEOS_DEPLOYMENT_TARGET = 9.0;
				MTL_ENABLE_DEBUG_INFO = NO;
				SDKROOT = iphoneos;
				VALIDATE_PRODUCT = YES;
			};
			name = Release;
		};
		CBD371591BD2345900EE1E51 /* Debug */ = {
			isa = XCBuildConfiguration;
			buildSettings = {
				ASSETCATALOG_COMPILER_APPICON_NAME = AppIcon;
				INFOPLIST_FILE = BlurEffectDemo/Info.plist;
				LD_RUNPATH_SEARCH_PATHS = "$(inherited) @executable_path/Frameworks";
				PRODUCT_BUNDLE_IDENTIFIER = com.BubbleTeam.BlurEffectDemo;
				PRODUCT_NAME = "$(TARGET_NAME)";
			};
			name = Debug;
		};
		CBD3715A1BD2345900EE1E51 /* Release */ = {
			isa = XCBuildConfiguration;
			buildSettings = {
				ASSETCATALOG_COMPILER_APPICON_NAME = AppIcon;
				INFOPLIST_FILE = BlurEffectDemo/Info.plist;
				LD_RUNPATH_SEARCH_PATHS = "$(inherited) @executable_path/Frameworks";
				PRODUCT_BUNDLE_IDENTIFIER = com.BubbleTeam.BlurEffectDemo;
				PRODUCT_NAME = "$(TARGET_NAME)";
			};
			name = Release;
		};
/* End XCBuildConfiguration section */

/* Begin XCConfigurationList section */
		CBD371411BD2345900EE1E51 /* Build configuration list for PBXProject "BlurEffectDemo" */ = {
			isa = XCConfigurationList;
			buildConfigurations = (
				CBD371561BD2345900EE1E51 /* Debug */,
				CBD371571BD2345900EE1E51 /* Release */,
			);
			defaultConfigurationIsVisible = 0;
			defaultConfigurationName = Release;
		};
		CBD371581BD2345900EE1E51 /* Build configuration list for PBXNativeTarget "BlurEffectDemo" */ = {
			isa = XCConfigurationList;
			buildConfigurations = (
				CBD371591BD2345900EE1E51 /* Debug */,
				CBD3715A1BD2345900EE1E51 /* Release */,
			);
			defaultConfigurationIsVisible = 0;
			defaultConfigurationName = Release;
		};
/* End XCConfigurationList section */
	};
	rootObject = CBD3713E1BD2345900EE1E51 /* Project object */;
}
